
Microsoft Visual Studio Solution File, Format Version 12.00
# Visual Studio Version 17
VisualStudioVersion = 17.2.32616.157
MinimumVisualStudioVersion = 10.0.40219.1
Project("{9A19103F-16F7-4668-BE54-9A1E7A4F7556}") = "ImageAnnotationTool", "ImageAdnotationTool\ImageAnnotationTool.csproj", "{A1C62C2A-A660-41D5-AA9A-B605AA5C6C88}"
EndProject
Project("{9A19103F-16F7-4668-BE54-9A1E7A4F7556}") = "ImageProcessing", "ImageProcessing\ImageProcessing.csproj", "{AD36A5F5-DA70-458C-9164-E50EDE57D52E}"
EndProject
Project("{9A19103F-16F7-4668-BE54-9A1E7A4F7556}") = "ImageAnnotationToolDataAccessLibrary", "ImageAnnotationDataAccessLibrary\ImageAnnotationToolDataAccessLibrary.csproj", "{1C58936A-EA65-486D-9832-FAA574A239D2}"
EndProject
Project("{9A19103F-16F7-4668-BE54-9A1E7A4F7556}") = "Security", "Hashing\Security.csproj", "{066D4DAF-B20F-436E-A0D4-9CF6886E597A}"
EndProject
Project("{9A19103F-16F7-4668-BE54-9A1E7A4F7556}") = "CanvasDisplayEngine", "CanvasDisplayEngine\CanvasDisplayEngine.csproj", "{5E13378F-B317-4640-BFE0-4FB8F590577B}"
EndProject
Project("{9A19103F-16F7-4668-BE54-9A1E7A4F7556}") = "AnnotationEditor", "AnnotationEditor\AnnotationEditor.csproj", "{B18CC945-53B5-4F52-9110-EBBC4BFF3262}"
EndProject
Project("{9A19103F-16F7-4668-BE54-9A1E7A4F7556}") = "ShapeEditor", "ShapeEditor\ShapeEditor.csproj", "{7D9065B4-627A-47CA-A8A0-0F0CC5A265F7}"
EndProject
Global
	GlobalSection(SolutionConfigurationPlatforms) = preSolution
		Debug|Any CPU = Debug|Any CPU
		Release|Any CPU = Release|Any CPU
	EndGlobalSection
	GlobalSection(ProjectConfigurationPlatforms) = postSolution
		{A1C62C2A-A660-41D5-AA9A-B605AA5C6C88}.Debug|Any CPU.ActiveCfg = Debug|Any CPU
		{A1C62C2A-A660-41D5-AA9A-B605AA5C6C88}.Debug|Any CPU.Build.0 = Debug|Any CPU
		{A1C62C2A-A660-41D5-AA9A-B605AA5C6C88}.Release|Any CPU.ActiveCfg = Release|Any CPU
		{A1C62C2A-A660-41D5-AA9A-B605AA5C6C88}.Release|Any CPU.Build.0 = Release|Any CPU
		{AD36A5F5-DA70-458C-9164-E50EDE57D52E}.Debug|Any CPU.ActiveCfg = Debug|Any CPU
		{AD36A5F5-DA70-458C-9164-E50EDE57D52E}.Debug|Any CPU.Build.0 = Debug|Any CPU
		{AD36A5F5-DA70-458C-9164-E50EDE57D52E}.Release|Any CPU.ActiveCfg = Release|Any CPU
		{AD36A5F5-DA70-458C-9164-E50EDE57D52E}.Release|Any CPU.Build.0 = Release|Any CPU
		{1C58936A-EA65-486D-9832-FAA574A239D2}.Debug|Any CPU.ActiveCfg = Debug|Any CPU
		{1C58936A-EA65-486D-9832-FAA574A239D2}.Debug|Any CPU.Build.0 = Debug|Any CPU
		{1C58936A-EA65-486D-9832-FAA574A239D2}.Release|Any CPU.ActiveCfg = Release|Any CPU
		{1C58936A-EA65-486D-9832-FAA574A239D2}.Release|Any CPU.Build.0 = Release|Any CPU
		{066D4DAF-B20F-436E-A0D4-9CF6886E597A}.Debug|Any CPU.ActiveCfg = Debug|Any CPU
		{066D4DAF-B20F-436E-A0D4-9CF6886E597A}.Debug|Any CPU.Build.0 = Debug|Any CPU
		{066D4DAF-B20F-436E-A0D4-9CF6886E597A}.Release|Any CPU.ActiveCfg = Release|Any CPU
		{066D4DAF-B20F-436E-A0D4-9CF6886E597A}.Release|Any CPU.Build.0 = Release|Any CPU
		{5E13378F-B317-4640-BFE0-4FB8F590577B}.Debug|Any CPU.ActiveCfg = Debug|Any CPU
		{5E13378F-B317-4640-BFE0-4FB8F590577B}.Debug|Any CPU.Build.0 = Debug|Any CPU
		{5E13378F-B317-4640-BFE0-4FB8F590577B}.Release|Any CPU.ActiveCfg = Release|Any CPU
		{5E13378F-B317-4640-BFE0-4FB8F590577B}.Release|Any CPU.Build.0 = Release|Any CPU
		{B18CC945-53B5-4F52-9110-EBBC4BFF3262}.Debug|Any CPU.ActiveCfg = Debug|Any CPU
		{B18CC945-53B5-4F52-9110-EBBC4BFF3262}.Debug|Any CPU.Build.0 = Debug|Any CPU
		{B18CC945-53B5-4F52-9110-EBBC4BFF3262}.Release|Any CPU.ActiveCfg = Release|Any CPU
		{B18CC945-53B5-4F52-9110-EBBC4BFF3262}.Release|Any CPU.Build.0 = Release|Any CPU
		{7D9065B4-627A-47CA-A8A0-0F0CC5A265F7}.Debug|Any CPU.ActiveCfg = Debug|Any CPU
		{7D9065B4-627A-47CA-A8A0-0F0CC5A265F7}.Debug|Any CPU.Build.0 = Debug|Any CPU
		{7D9065B4-627A-47CA-A8A0-0F0CC5A265F7}.Release|Any CPU.ActiveCfg = Release|Any CPU
		{7D9065B4-627A-47CA-A8A0-0F0CC5A265F7}.Release|Any CPU.Build.0 = Release|Any CPU
	EndGlobalSection
	GlobalSection(SolutionProperties) = preSolution
		HideSolutionNode = FALSE
	EndGlobalSection
	GlobalSection(ExtensibilityGlobals) = postSolution
		SolutionGuid = {266A204E-5ED3-48E2-8639-098360818D7D}
	EndGlobalSection
EndGlobal
