
Microsoft Visual Studio Solution File, Format Version 12.00
# Visual Studio Version 17
VisualStudioVersion = 17.2.32616.157
MinimumVisualStudioVersion = 10.0.40219.1
Project("{9A19103F-16F7-4668-BE54-9A1E7A4F7556}") = "ImageAnnotationTool", "ImageAdnotationTool\ImageAnnotationTool.csproj", "{A1C62C2A-A660-41D5-AA9A-B605AA5C6C88}"
EndProject
Project("{9A19103F-16F7-4668-BE54-9A1E7A4F7556}") = "ImageProcessing", "ImageProcessing\ImageProcessing.csproj", "{AD36A5F5-DA70-458C-9164-E50EDE57D52E}"
EndProject
Project("{9A19103F-16F7-4668-BE54-9A1E7A4F7556}") = "ImageAnnotationToolDataAccessLibrary", "ImageAnnotationDataAccessLibrary\ImageAnnotationToolDataAccessLibrary.csproj", "{1C58936A-EA65-486D-9832-FAA574A239D2}"
EndProject
Project("{9A19103F-16F7-4668-BE54-9A1E7A4F7556}") = "Security", "Hashing\Security.csproj", "{066D4DAF-B20F-436E-A0D4-9CF6886E597A}"
EndProject
Project("{9A19103F-16F7-4668-BE54-9A1E7A4F7556}") = "CanvasDisplayEngine", "CanvasDisplayEngine\CanvasDisplayEngine.csproj", "{5E13378F-B317-4640-BFE0-4FB8F590577B}"
EndProject
Project("{9A19103F-16F7-4668-BE54-9A1E7A4F7556}") = "AnnotationEditor", "AnnotationEditor\AnnotationEditor.csproj", "{86730988-6EBC-43BC-BAFD-0EB2DFFE500C}"
EndProject
Project("{9A19103F-16F7-4668-BE54-9A1E7A4F7556}") = "ShapeEditor", "ShapeEditor\ShapeEditor.csproj", "{74EE00F2-1249-48A1-ABFF-809333FD7B1E}"
EndProject
Project("{9A19103F-16F7-4668-BE54-9A1E7A4F7556}") = "TeamServiceTest", "TeamServiceTest\TeamServiceTest.csproj", "{E9742A3E-9255-4048-95BA-01C2740DF4A5}"
EndProject
Project("{9A19103F-16F7-4668-BE54-9A1E7A4F7556}") = "ProjectServiceTest", "ProjectServiceTest\ProjectServiceTest.csproj", "{3B5AD33F-F82D-42D3-9E55-3E2BD2186634}"
EndProject
Project("{9A19103F-16F7-4668-BE54-9A1E7A4F7556}") = "JobServiceTest", "JobServiceTest\JobServiceTest.csproj", "{3400CC59-6100-40EF-A738-521F4C8C49BA}"
EndProject
Project("{9A19103F-16F7-4668-BE54-9A1E7A4F7556}") = "JsonSerializationAndDeserializationTest", "JsonSerializationAndDeserializationTest\JsonSerializationAndDeserializationTest.csproj", "{ABA9C143-C959-4EBE-9D64-A295C34B8940}"
EndProject
Global
	GlobalSection(SolutionConfigurationPlatforms) = preSolution
		Debug|Any CPU = Debug|Any CPU
		Release|Any CPU = Release|Any CPU
	EndGlobalSection
	GlobalSection(ProjectConfigurationPlatforms) = postSolution
		{A1C62C2A-A660-41D5-AA9A-B605AA5C6C88}.Debug|Any CPU.ActiveCfg = Debug|Any CPU
		{A1C62C2A-A660-41D5-AA9A-B605AA5C6C88}.Debug|Any CPU.Build.0 = Debug|Any CPU
		{A1C62C2A-A660-41D5-AA9A-B605AA5C6C88}.Release|Any CPU.ActiveCfg = Release|Any CPU
		{A1C62C2A-A660-41D5-AA9A-B605AA5C6C88}.Release|Any CPU.Build.0 = Release|Any CPU
		{AD36A5F5-DA70-458C-9164-E50EDE57D52E}.Debug|Any CPU.ActiveCfg = Debug|Any CPU
		{AD36A5F5-DA70-458C-9164-E50EDE57D52E}.Debug|Any CPU.Build.0 = Debug|Any CPU
		{AD36A5F5-DA70-458C-9164-E50EDE57D52E}.Release|Any CPU.ActiveCfg = Release|Any CPU
		{AD36A5F5-DA70-458C-9164-E50EDE57D52E}.Release|Any CPU.Build.0 = Release|Any CPU
		{1C58936A-EA65-486D-9832-FAA574A239D2}.Debug|Any CPU.ActiveCfg = Debug|Any CPU
		{1C58936A-EA65-486D-9832-FAA574A239D2}.Debug|Any CPU.Build.0 = Debug|Any CPU
		{1C58936A-EA65-486D-9832-FAA574A239D2}.Release|Any CPU.ActiveCfg = Release|Any CPU
		{1C58936A-EA65-486D-9832-FAA574A239D2}.Release|Any CPU.Build.0 = Release|Any CPU
		{066D4DAF-B20F-436E-A0D4-9CF6886E597A}.Debug|Any CPU.ActiveCfg = Debug|Any CPU
		{066D4DAF-B20F-436E-A0D4-9CF6886E597A}.Debug|Any CPU.Build.0 = Debug|Any CPU
		{066D4DAF-B20F-436E-A0D4-9CF6886E597A}.Release|Any CPU.ActiveCfg = Release|Any CPU
		{066D4DAF-B20F-436E-A0D4-9CF6886E597A}.Release|Any CPU.Build.0 = Release|Any CPU
		{5E13378F-B317-4640-BFE0-4FB8F590577B}.Debug|Any CPU.ActiveCfg = Debug|Any CPU
		{5E13378F-B317-4640-BFE0-4FB8F590577B}.Debug|Any CPU.Build.0 = Debug|Any CPU
		{5E13378F-B317-4640-BFE0-4FB8F590577B}.Release|Any CPU.ActiveCfg = Release|Any CPU
		{5E13378F-B317-4640-BFE0-4FB8F590577B}.Release|Any CPU.Build.0 = Release|Any CPU
		{86730988-6EBC-43BC-BAFD-0EB2DFFE500C}.Debug|Any CPU.ActiveCfg = Debug|Any CPU
		{86730988-6EBC-43BC-BAFD-0EB2DFFE500C}.Debug|Any CPU.Build.0 = Debug|Any CPU
		{86730988-6EBC-43BC-BAFD-0EB2DFFE500C}.Release|Any CPU.ActiveCfg = Release|Any CPU
		{86730988-6EBC-43BC-BAFD-0EB2DFFE500C}.Release|Any CPU.Build.0 = Release|Any CPU
		{74EE00F2-1249-48A1-ABFF-809333FD7B1E}.Debug|Any CPU.ActiveCfg = Debug|Any CPU
		{74EE00F2-1249-48A1-ABFF-809333FD7B1E}.Debug|Any CPU.Build.0 = Debug|Any CPU
		{74EE00F2-1249-48A1-ABFF-809333FD7B1E}.Release|Any CPU.ActiveCfg = Release|Any CPU
		{74EE00F2-1249-48A1-ABFF-809333FD7B1E}.Release|Any CPU.Build.0 = Release|Any CPU
		{E9742A3E-9255-4048-95BA-01C2740DF4A5}.Debug|Any CPU.ActiveCfg = Debug|Any CPU
		{E9742A3E-9255-4048-95BA-01C2740DF4A5}.Debug|Any CPU.Build.0 = Debug|Any CPU
		{E9742A3E-9255-4048-95BA-01C2740DF4A5}.Release|Any CPU.ActiveCfg = Release|Any CPU
		{E9742A3E-9255-4048-95BA-01C2740DF4A5}.Release|Any CPU.Build.0 = Release|Any CPU
		{3B5AD33F-F82D-42D3-9E55-3E2BD2186634}.Debug|Any CPU.ActiveCfg = Debug|Any CPU
		{3B5AD33F-F82D-42D3-9E55-3E2BD2186634}.Debug|Any CPU.Build.0 = Debug|Any CPU
		{3B5AD33F-F82D-42D3-9E55-3E2BD2186634}.Release|Any CPU.ActiveCfg = Release|Any CPU
		{3B5AD33F-F82D-42D3-9E55-3E2BD2186634}.Release|Any CPU.Build.0 = Release|Any CPU
		{3400CC59-6100-40EF-A738-521F4C8C49BA}.Debug|Any CPU.ActiveCfg = Debug|Any CPU
		{3400CC59-6100-40EF-A738-521F4C8C49BA}.Debug|Any CPU.Build.0 = Debug|Any CPU
		{3400CC59-6100-40EF-A738-521F4C8C49BA}.Release|Any CPU.ActiveCfg = Release|Any CPU
		{3400CC59-6100-40EF-A738-521F4C8C49BA}.Release|Any CPU.Build.0 = Release|Any CPU
		{ABA9C143-C959-4EBE-9D64-A295C34B8940}.Debug|Any CPU.ActiveCfg = Debug|Any CPU
		{ABA9C143-C959-4EBE-9D64-A295C34B8940}.Debug|Any CPU.Build.0 = Debug|Any CPU
		{ABA9C143-C959-4EBE-9D64-A295C34B8940}.Release|Any CPU.ActiveCfg = Release|Any CPU
		{ABA9C143-C959-4EBE-9D64-A295C34B8940}.Release|Any CPU.Build.0 = Release|Any CPU
	EndGlobalSection
	GlobalSection(SolutionProperties) = preSolution
		HideSolutionNode = FALSE
	EndGlobalSection
	GlobalSection(ExtensibilityGlobals) = postSolution
		SolutionGuid = {266A204E-5ED3-48E2-8639-098360818D7D}
	EndGlobalSection
EndGlobal
